
Microsoft Visual Studio Solution File, Format Version 12.00
# Visual Studio Version 17
VisualStudioVersion = 17.14.36717.8
MinimumVisualStudioVersion = 10.0.40219.1
Project("{FAE04EC0-301F-11D3-BF4B-00C04F79EFBC}") = "ELMS.AuthService", "ELMS.AuthService\ELMS.AuthService.csproj", "{D39898B5-0597-4433-9D7E-5CC9C9972E7F}"
EndProject
Project("{FAE04EC0-301F-11D3-BF4B-00C04F79EFBC}") = "ELMS.UserService", "ELMS.UserService\ELMS.UserService.csproj", "{784532FC-55DF-4CBC-8E9B-25466C0737D1}"
EndProject
Project("{FAE04EC0-301F-11D3-BF4B-00C04F79EFBC}") = "ELMS.LeaveService", "ELMS.LeaveService\ELMS.LeaveService.csproj", "{F33D5202-0480-4D69-BD33-D1BC0C93562F}"
EndProject
Project("{FAE04EC0-301F-11D3-BF4B-00C04F79EFBC}") = "ELMS.NotificationService", "ELMS.NotificationService\ELMS.NotificationService.csproj", "{15B8B1E6-2FDF-4F5A-A5F2-1E0069DAD45C}"
EndProject
Project("{FAE04EC0-301F-11D3-BF4B-00C04F79EFBC}") = "ELMS.CommonUtils", "ELMS.CommonUtils\ELMS.CommonUtils.csproj", "{F91955BE-4172-4813-A158-96FF1567683F}"
EndProject
Global
	GlobalSection(SolutionConfigurationPlatforms) = preSolution
		Debug|Any CPU = Debug|Any CPU
		Release|Any CPU = Release|Any CPU
	EndGlobalSection
	GlobalSection(ProjectConfigurationPlatforms) = postSolution
		{D39898B5-0597-4433-9D7E-5CC9C9972E7F}.Debug|Any CPU.ActiveCfg = Debug|Any CPU
		{D39898B5-0597-4433-9D7E-5CC9C9972E7F}.Debug|Any CPU.Build.0 = Debug|Any CPU
		{D39898B5-0597-4433-9D7E-5CC9C9972E7F}.Release|Any CPU.ActiveCfg = Release|Any CPU
		{D39898B5-0597-4433-9D7E-5CC9C9972E7F}.Release|Any CPU.Build.0 = Release|Any CPU
		{784532FC-55DF-4CBC-8E9B-25466C0737D1}.Debug|Any CPU.ActiveCfg = Debug|Any CPU
		{784532FC-55DF-4CBC-8E9B-25466C0737D1}.Debug|Any CPU.Build.0 = Debug|Any CPU
		{784532FC-55DF-4CBC-8E9B-25466C0737D1}.Release|Any CPU.ActiveCfg = Release|Any CPU
		{784532FC-55DF-4CBC-8E9B-25466C0737D1}.Release|Any CPU.Build.0 = Release|Any CPU
		{F33D5202-0480-4D69-BD33-D1BC0C93562F}.Debug|Any CPU.ActiveCfg = Debug|Any CPU
		{F33D5202-0480-4D69-BD33-D1BC0C93562F}.Debug|Any CPU.Build.0 = Debug|Any CPU
		{F33D5202-0480-4D69-BD33-D1BC0C93562F}.Release|Any CPU.ActiveCfg = Release|Any CPU
		{F33D5202-0480-4D69-BD33-D1BC0C93562F}.Release|Any CPU.Build.0 = Release|Any CPU
		{15B8B1E6-2FDF-4F5A-A5F2-1E0069DAD45C}.Debug|Any CPU.ActiveCfg = Debug|Any CPU
		{15B8B1E6-2FDF-4F5A-A5F2-1E0069DAD45C}.Debug|Any CPU.Build.0 = Debug|Any CPU
		{15B8B1E6-2FDF-4F5A-A5F2-1E0069DAD45C}.Release|Any CPU.ActiveCfg = Release|Any CPU
		{15B8B1E6-2FDF-4F5A-A5F2-1E0069DAD45C}.Release|Any CPU.Build.0 = Release|Any CPU
		{F91955BE-4172-4813-A158-96FF1567683F}.Debug|Any CPU.ActiveCfg = Debug|Any CPU
		{F91955BE-4172-4813-A158-96FF1567683F}.Debug|Any CPU.Build.0 = Debug|Any CPU
		{F91955BE-4172-4813-A158-96FF1567683F}.Release|Any CPU.ActiveCfg = Release|Any CPU
		{F91955BE-4172-4813-A158-96FF1567683F}.Release|Any CPU.Build.0 = Release|Any CPU
	EndGlobalSection
	GlobalSection(SolutionProperties) = preSolution
		HideSolutionNode = FALSE
	EndGlobalSection
	GlobalSection(ExtensibilityGlobals) = postSolution
		SolutionGuid = {D895ED07-CEA5-4077-B5DD-448FF977103A}
	EndGlobalSection
EndGlobal
